// !$*UTF8*$!
{
	archiveVersion = 1;
	classes = {
	};
	objectVersion = 50;
	objects = {

/* Begin PBXBuildFile section */
		3D021DCA23640A1C003ACB87 /* AGLKContext.m in Sources */ = {isa = PBXBuildFile; fileRef = 3D021DC923640A1C003ACB87 /* AGLKContext.m */; };
		3D021DCD23640BE4003ACB87 /* AGLKVertexAttribArrayBuffer.m in Sources */ = {isa = PBXBuildFile; fileRef = 3D021DCC23640BE4003ACB87 /* AGLKVertexAttribArrayBuffer.m */; };
		3D09F29023631C5D00D5540E /* AppDelegate.m in Sources */ = {isa = PBXBuildFile; fileRef = 3D09F28F23631C5D00D5540E /* AppDelegate.m */; };
		3D09F29323631C5D00D5540E /* ViewController.m in Sources */ = {isa = PBXBuildFile; fileRef = 3D09F29223631C5D00D5540E /* ViewController.m */; };
		3D09F29623631C5D00D5540E /* Main.storyboard in Resources */ = {isa = PBXBuildFile; fileRef = 3D09F29423631C5D00D5540E /* Main.storyboard */; };
		3D09F29823631C5E00D5540E /* Assets.xcassets in Resources */ = {isa = PBXBuildFile; fileRef = 3D09F29723631C5E00D5540E /* Assets.xcassets */; };
		3D09F29B23631C5E00D5540E /* LaunchScreen.storyboard in Resources */ = {isa = PBXBuildFile; fileRef = 3D09F29923631C5E00D5540E /* LaunchScreen.storyboard */; };
		3D09F29E23631C5E00D5540E /* main.m in Sources */ = {isa = PBXBuildFile; fileRef = 3D09F29D23631C5E00D5540E /* main.m */; };
		3D09F2A623631C8D00D5540E /* OpenGLES.framework in Frameworks */ = {isa = PBXBuildFile; fileRef = 3D09F2A523631C8D00D5540E /* OpenGLES.framework */; };
		3D09F2A823631C9200D5540E /* GLKit.framework in Frameworks */ = {isa = PBXBuildFile; fileRef = 3D09F2A723631C9200D5540E /* GLKit.framework */; };
		3D09F2AA23631C9A00D5540E /* QuartzCore.framework in Frameworks */ = {isa = PBXBuildFile; fileRef = 3D09F2A923631C9A00D5540E /* QuartzCore.framework */; };
		3D09F2AC23631CA100D5540E /* UIKit.framework in Frameworks */ = {isa = PBXBuildFile; fileRef = 3D09F2AB23631CA100D5540E /* UIKit.framework */; };
		3D09F2AE23631CAE00D5540E /* CoreGraphics.framework in Frameworks */ = {isa = PBXBuildFile; fileRef = 3D09F2AD23631CAD00D5540E /* CoreGraphics.framework */; };
		3D09F2B023631CB800D5540E /* Foundation.framework in Frameworks */ = {isa = PBXBuildFile; fileRef = 3D09F2AF23631CB800D5540E /* Foundation.framework */; };
		3D1BFF9A23647D2C00DB04B1 /* AGLKViewController.m in Sources */ = {isa = PBXBuildFile; fileRef = 3D1BFF9923647D2C00DB04B1 /* AGLKViewController.m */; };
		3D1BFF9D23647D6900DB04B1 /* AGLKView.m in Sources */ = {isa = PBXBuildFile; fileRef = 3D1BFF9C23647D6900DB04B1 /* AGLKView.m */; };
/* End PBXBuildFile section */

/* Begin PBXFileReference section */
		3D021DC823640A1C003ACB87 /* AGLKContext.h */ = {isa = PBXFileReference; lastKnownFileType = sourcecode.c.h; path = AGLKContext.h; sourceTree = "<group>"; };
		3D021DC923640A1C003ACB87 /* AGLKContext.m */ = {isa = PBXFileReference; lastKnownFileType = sourcecode.c.objc; path = AGLKContext.m; sourceTree = "<group>"; };
		3D021DCB23640BE4003ACB87 /* AGLKVertexAttribArrayBuffer.h */ = {isa = PBXFileReference; lastKnownFileType = sourcecode.c.h; path = AGLKVertexAttribArrayBuffer.h; sourceTree = "<group>"; };
		3D021DCC23640BE4003ACB87 /* AGLKVertexAttribArrayBuffer.m */ = {isa = PBXFileReference; lastKnownFileType = sourcecode.c.objc; path = AGLKVertexAttribArrayBuffer.m; sourceTree = "<group>"; };
		3D09F28B23631C5D00D5540E /* OpenGL-IOS.app */ = {isa = PBXFileReference; explicitFileType = wrapper.application; includeInIndex = 0; path = "OpenGL-IOS.app"; sourceTree = BUILT_PRODUCTS_DIR; };
		3D09F28E23631C5D00D5540E /* AppDelegate.h */ = {isa = PBXFileReference; lastKnownFileType = sourcecode.c.h; path = AppDelegate.h; sourceTree = "<group>"; };
		3D09F28F23631C5D00D5540E /* AppDelegate.m */ = {isa = PBXFileReference; lastKnownFileType = sourcecode.c.objc; path = AppDelegate.m; sourceTree = "<group>"; };
		3D09F29123631C5D00D5540E /* ViewController.h */ = {isa = PBXFileReference; lastKnownFileType = sourcecode.c.h; path = ViewController.h; sourceTree = "<group>"; };
		3D09F29223631C5D00D5540E /* ViewController.m */ = {isa = PBXFileReference; lastKnownFileType = sourcecode.c.objc; path = ViewController.m; sourceTree = "<group>"; };
		3D09F29523631C5D00D5540E /* Base */ = {isa = PBXFileReference; lastKnownFileType = file.storyboard; name = Base; path = Base.lproj/Main.storyboard; sourceTree = "<group>"; };
		3D09F29723631C5E00D5540E /* Assets.xcassets */ = {isa = PBXFileReference; lastKnownFileType = folder.assetcatalog; path = Assets.xcassets; sourceTree = "<group>"; };
		3D09F29A23631C5E00D5540E /* Base */ = {isa = PBXFileReference; lastKnownFileType = file.storyboard; name = Base; path = Base.lproj/LaunchScreen.storyboard; sourceTree = "<group>"; };
		3D09F29C23631C5E00D5540E /* Info.plist */ = {isa = PBXFileReference; lastKnownFileType = text.plist.xml; path = Info.plist; sourceTree = "<group>"; };
		3D09F29D23631C5E00D5540E /* main.m */ = {isa = PBXFileReference; lastKnownFileType = sourcecode.c.objc; path = main.m; sourceTree = "<group>"; };
		3D09F2A523631C8D00D5540E /* OpenGLES.framework */ = {isa = PBXFileReference; lastKnownFileType = wrapper.framework; name = OpenGLES.framework; path = System/Library/Frameworks/OpenGLES.framework; sourceTree = SDKROOT; };
		3D09F2A723631C9200D5540E /* GLKit.framework */ = {isa = PBXFileReference; lastKnownFileType = wrapper.framework; name = GLKit.framework; path = System/Library/Frameworks/GLKit.framework; sourceTree = SDKROOT; };
		3D09F2A923631C9A00D5540E /* QuartzCore.framework */ = {isa = PBXFileReference; lastKnownFileType = wrapper.framework; name = QuartzCore.framework; path = System/Library/Frameworks/QuartzCore.framework; sourceTree = SDKROOT; };
		3D09F2AB23631CA100D5540E /* UIKit.framework */ = {isa = PBXFileReference; lastKnownFileType = wrapper.framework; name = UIKit.framework; path = System/Library/Frameworks/UIKit.framework; sourceTree = SDKROOT; };
		3D09F2AD23631CAD00D5540E /* CoreGraphics.framework */ = {isa = PBXFileReference; lastKnownFileType = wrapper.framework; name = CoreGraphics.framework; path = System/Library/Frameworks/CoreGraphics.framework; sourceTree = SDKROOT; };
		3D09F2AF23631CB800D5540E /* Foundation.framework */ = {isa = PBXFileReference; lastKnownFileType = wrapper.framework; name = Foundation.framework; path = System/Library/Frameworks/Foundation.framework; sourceTree = SDKROOT; };
		3D1BFF9823647D2C00DB04B1 /* AGLKViewController.h */ = {isa = PBXFileReference; lastKnownFileType = sourcecode.c.h; path = AGLKViewController.h; sourceTree = "<group>"; };
		3D1BFF9923647D2C00DB04B1 /* AGLKViewController.m */ = {isa = PBXFileReference; lastKnownFileType = sourcecode.c.objc; path = AGLKViewController.m; sourceTree = "<group>"; };
		3D1BFF9B23647D6900DB04B1 /* AGLKView.h */ = {isa = PBXFileReference; lastKnownFileType = sourcecode.c.h; path = AGLKView.h; sourceTree = "<group>"; };
		3D1BFF9C23647D6900DB04B1 /* AGLKView.m */ = {isa = PBXFileReference; lastKnownFileType = sourcecode.c.objc; path = AGLKView.m; sourceTree = "<group>"; };
/* End PBXFileReference section */

/* Begin PBXFrameworksBuildPhase section */
		3D09F28823631C5D00D5540E /* Frameworks */ = {
			isa = PBXFrameworksBuildPhase;
			buildActionMask = 2147483647;
			files = (
				3D09F2B023631CB800D5540E /* Foundation.framework in Frameworks */,
				3D09F2AE23631CAE00D5540E /* CoreGraphics.framework in Frameworks */,
				3D09F2AC23631CA100D5540E /* UIKit.framework in Frameworks */,
				3D09F2AA23631C9A00D5540E /* QuartzCore.framework in Frameworks */,
				3D09F2A823631C9200D5540E /* GLKit.framework in Frameworks */,
				3D09F2A623631C8D00D5540E /* OpenGLES.framework in Frameworks */,
			);
			runOnlyForDeploymentPostprocessing = 0;
		};
/* End PBXFrameworksBuildPhase section */

/* Begin PBXGroup section */
		3D09F28223631C5D00D5540E = {
			isa = PBXGroup;
			children = (
				3D09F28D23631C5D00D5540E /* OpenGL-IOS */,
				3D09F28C23631C5D00D5540E /* Products */,
				3D09F2A423631C8D00D5540E /* Frameworks */,
			);
			sourceTree = "<group>";
		};
		3D09F28C23631C5D00D5540E /* Products */ = {
			isa = PBXGroup;
			children = (
				3D09F28B23631C5D00D5540E /* OpenGL-IOS.app */,
			);
			name = Products;
			sourceTree = "<group>";
		};
		3D09F28D23631C5D00D5540E /* OpenGL-IOS */ = {
			isa = PBXGroup;
			children = (
				3D1BFF9B23647D6900DB04B1 /* AGLKView.h */,
				3D1BFF9C23647D6900DB04B1 /* AGLKView.m */,
				3D1BFF9823647D2C00DB04B1 /* AGLKViewController.h */,
				3D1BFF9923647D2C00DB04B1 /* AGLKViewController.m */,
				3D021DC823640A1C003ACB87 /* AGLKContext.h */,
				3D021DC923640A1C003ACB87 /* AGLKContext.m */,
				3D021DCB23640BE4003ACB87 /* AGLKVertexAttribArrayBuffer.h */,
				3D021DCC23640BE4003ACB87 /* AGLKVertexAttribArrayBuffer.m */,
				3D09F28E23631C5D00D5540E /* AppDelegate.h */,
				3D09F28F23631C5D00D5540E /* AppDelegate.m */,
				3D09F29123631C5D00D5540E /* ViewController.h */,
				3D09F29223631C5D00D5540E /* ViewController.m */,
				3D09F29423631C5D00D5540E /* Main.storyboard */,
				3D09F29723631C5E00D5540E /* Assets.xcassets */,
				3D09F29923631C5E00D5540E /* LaunchScreen.storyboard */,
				3D09F29C23631C5E00D5540E /* Info.plist */,
				3D09F29D23631C5E00D5540E /* main.m */,
			);
			path = "OpenGL-IOS";
			sourceTree = "<group>";
		};
		3D09F2A423631C8D00D5540E /* Frameworks */ = {
			isa = PBXGroup;
			children = (
				3D09F2AF23631CB800D5540E /* Foundation.framework */,
				3D09F2AD23631CAD00D5540E /* CoreGraphics.framework */,
				3D09F2AB23631CA100D5540E /* UIKit.framework */,
				3D09F2A923631C9A00D5540E /* QuartzCore.framework */,
				3D09F2A723631C9200D5540E /* GLKit.framework */,
				3D09F2A523631C8D00D5540E /* OpenGLES.framework */,
			);
			name = Frameworks;
			sourceTree = "<group>";
		};
/* End PBXGroup section */

/* Begin PBXNativeTarget section */
		3D09F28A23631C5D00D5540E /* OpenGL-IOS */ = {
			isa = PBXNativeTarget;
			buildConfigurationList = 3D09F2A123631C5E00D5540E /* Build configuration list for PBXNativeTarget "OpenGL-IOS" */;
			buildPhases = (
				3D09F28723631C5D00D5540E /* Sources */,
				3D09F28823631C5D00D5540E /* Frameworks */,
				3D09F28923631C5D00D5540E /* Resources */,
			);
			buildRules = (
			);
			dependencies = (
			);
			name = "OpenGL-IOS";
			productName = OpenGLWindows;
			productReference = 3D09F28B23631C5D00D5540E /* OpenGL-IOS.app */;
			productType = "com.apple.product-type.application";
		};
/* End PBXNativeTarget section */

/* Begin PBXProject section */
		3D09F28323631C5D00D5540E /* Project object */ = {
			isa = PBXProject;
			attributes = {
				LastUpgradeCheck = 1020;
				ORGANIZATIONNAME = william;
				TargetAttributes = {
					3D09F28A23631C5D00D5540E = {
						CreatedOnToolsVersion = 10.2.1;
					};
				};
			};
			buildConfigurationList = 3D09F28623631C5D00D5540E /* Build configuration list for PBXProject "OpenGL-IOS" */;
			compatibilityVersion = "Xcode 9.3";
			developmentRegion = en;
			hasScannedForEncodings = 0;
			knownRegions = (
				en,
				Base,
			);
			mainGroup = 3D09F28223631C5D00D5540E;
			productRefGroup = 3D09F28C23631C5D00D5540E /* Products */;
			projectDirPath = "";
			projectRoot = "";
			targets = (
				3D09F28A23631C5D00D5540E /* OpenGL-IOS */,
			);
		};
/* End PBXProject section */

/* Begin PBXResourcesBuildPhase section */
		3D09F28923631C5D00D5540E /* Resources */ = {
			isa = PBXResourcesBuildPhase;
			buildActionMask = 2147483647;
			files = (
				3D09F29B23631C5E00D5540E /* LaunchScreen.storyboard in Resources */,
				3D09F29823631C5E00D5540E /* Assets.xcassets in Resources */,
				3D09F29623631C5D00D5540E /* Main.storyboard in Resources */,
			);
			runOnlyForDeploymentPostprocessing = 0;
		};
/* End PBXResourcesBuildPhase section */

/* Begin PBXSourcesBuildPhase section */
		3D09F28723631C5D00D5540E /* Sources */ = {
			isa = PBXSourcesBuildPhase;
			buildActionMask = 2147483647;
			files = (
				3D021DCA23640A1C003ACB87 /* AGLKContext.m in Sources */,
				3D09F29323631C5D00D5540E /* ViewController.m in Sources */,
				3D021DCD23640BE4003ACB87 /* AGLKVertexAttribArrayBuffer.m in Sources */,
				3D09F29E23631C5E00D5540E /* main.m in Sources */,
				3D09F29023631C5D00D5540E /* AppDelegate.m in Sources */,
				3D1BFF9A23647D2C00DB04B1 /* AGLKViewController.m in Sources */,
				3D1BFF9D23647D6900DB04B1 /* AGLKView.m in Sources */,
			);
			runOnlyForDeploymentPostprocessing = 0;
		};
/* End PBXSourcesBuildPhase section */

/* Begin PBXVariantGroup section */
		3D09F29423631C5D00D5540E /* Main.storyboard */ = {
			isa = PBXVariantGroup;
			children = (
				3D09F29523631C5D00D5540E /* Base */,
			);
			name = Main.storyboard;
			sourceTree = "<group>";
		};
		3D09F29923631C5E00D5540E /* LaunchScreen.storyboard */ = {
			isa = PBXVariantGroup;
			children = (
				3D09F29A23631C5E00D5540E /* Base */,
			);
			name = LaunchScreen.storyboard;
			sourceTree = "<group>";
		};
/* End PBXVariantGroup section */

/* Begin XCBuildConfiguration section */
		3D09F29F23631C5E00D5540E /* Debug */ = {
			isa = XCBuildConfiguration;
			buildSettings = {
				ALWAYS_SEARCH_USER_PATHS = NO;
				CLANG_ANALYZER_NONNULL = YES;
				CLANG_ANALYZER_NUMBER_OBJECT_CONVERSION = YES_AGGRESSIVE;
				CLANG_CXX_LANGUAGE_STANDARD = "gnu++14";
				CLANG_CXX_LIBRARY = "libc++";
				CLANG_ENABLE_MODULES = YES;
				CLANG_ENABLE_OBJC_ARC = YES;
				CLANG_ENABLE_OBJC_WEAK = YES;
				CLANG_WARN_BLOCK_CAPTURE_AUTORELEASING = YES;
				CLANG_WARN_BOOL_CONVERSION = YES;
				CLANG_WARN_COMMA = YES;
				CLANG_WARN_CONSTANT_CONVERSION = YES;
				CLANG_WARN_DEPRECATED_OBJC_IMPLEMENTATIONS = YES;
				CLANG_WARN_DIRECT_OBJC_ISA_USAGE = YES_ERROR;
				CLANG_WARN_DOCUMENTATION_COMMENTS = YES;
				CLANG_WARN_EMPTY_BODY = YES;
				CLANG_WARN_ENUM_CONVERSION = YES;
				CLANG_WARN_INFINITE_RECURSION = YES;
				CLANG_WARN_INT_CONVERSION = YES;
				CLANG_WARN_NON_LITERAL_NULL_CONVERSION = YES;
				CLANG_WARN_OBJC_IMPLICIT_RETAIN_SELF = YES;
				CLANG_WARN_OBJC_LITERAL_CONVERSION = YES;
				CLANG_WARN_OBJC_ROOT_CLASS = YES_ERROR;
				CLANG_WARN_RANGE_LOOP_ANALYSIS = YES;
				CLANG_WARN_STRICT_PROTOTYPES = YES;
				CLANG_WARN_SUSPICIOUS_MOVE = YES;
				CLANG_WARN_UNGUARDED_AVAILABILITY = YES_AGGRESSIVE;
				CLANG_WARN_UNREACHABLE_CODE = YES;
				CLANG_WARN__DUPLICATE_METHOD_MATCH = YES;
				CODE_SIGN_IDENTITY = "iPhone Developer";
				COPY_PHASE_STRIP = NO;
				DEBUG_INFORMATION_FORMAT = dwarf;
				ENABLE_STRICT_OBJC_MSGSEND = YES;
				ENABLE_TESTABILITY = YES;
				GCC_C_LANGUAGE_STANDARD = gnu11;
				GCC_DYNAMIC_NO_PIC = NO;
				GCC_NO_COMMON_BLOCKS = YES;
				GCC_OPTIMIZATION_LEVEL = 0;
				GCC_PREPROCESSOR_DEFINITIONS = (
					"DEBUG=1",
					"$(inherited)",
				);
				GCC_WARN_64_TO_32_BIT_CONVERSION = YES;
				GCC_WARN_ABOUT_RETURN_TYPE = YES_ERROR;
				GCC_WARN_UNDECLARED_SELECTOR = YES;
				GCC_WARN_UNINITIALIZED_AUTOS = YES_AGGRESSIVE;
				GCC_WARN_UNUSED_FUNCTION = YES;
				GCC_WARN_UNUSED_VARIABLE = YES;
				IPHONEOS_DEPLOYMENT_TARGET = 12.2;
				MTL_ENABLE_DEBUG_INFO = INCLUDE_SOURCE;
				MTL_FAST_MATH = YES;
				ONLY_ACTIVE_ARCH = YES;
				SDKROOT = iphoneos;
			};
			name = Debug;
		};
		3D09F2A023631C5E00D5540E /* Release */ = {
			isa = XCBuildConfiguration;
			buildSettings = {
				ALWAYS_SEARCH_USER_PATHS = NO;
				CLANG_ANALYZER_NONNULL = YES;
				CLANG_ANALYZER_NUMBER_OBJECT_CONVERSION = YES_AGGRESSIVE;
				CLANG_CXX_LANGUAGE_STANDARD = "gnu++14";
				CLANG_CXX_LIBRARY = "libc++";
				CLANG_ENABLE_MODULES = YES;
				CLANG_ENABLE_OBJC_ARC = YES;
				CLANG_ENABLE_OBJC_WEAK = YES;
				CLANG_WARN_BLOCK_CAPTURE_AUTORELEASING = YES;
				CLANG_WARN_BOOL_CONVERSION = YES;
				CLANG_WARN_COMMA = YES;
				CLANG_WARN_CONSTANT_CONVERSION = YES;
				CLANG_WARN_DEPRECATED_OBJC_IMPLEMENTATIONS = YES;
				CLANG_WARN_DIRECT_OBJC_ISA_USAGE = YES_ERROR;
				CLANG_WARN_DOCUMENTATION_COMMENTS = YES;
				CLANG_WARN_EMPTY_BODY = YES;
				CLANG_WARN_ENUM_CONVERSION = YES;
				CLANG_WARN_INFINITE_RECURSION = YES;
				CLANG_WARN_INT_CONVERSION = YES;
				CLANG_WARN_NON_LITERAL_NULL_CONVERSION = YES;
				CLANG_WARN_OBJC_IMPLICIT_RETAIN_SELF = YES;
				CLANG_WARN_OBJC_LITERAL_CONVERSION = YES;
				CLANG_WARN_OBJC_ROOT_CLASS = YES_ERROR;
				CLANG_WARN_RANGE_LOOP_ANALYSIS = YES;
				CLANG_WARN_STRICT_PROTOTYPES = YES;
				CLANG_WARN_SUSPICIOUS_MOVE = YES;
				CLANG_WARN_UNGUARDED_AVAILABILITY = YES_AGGRESSIVE;
				CLANG_WARN_UNREACHABLE_CODE = YES;
				CLANG_WARN__DUPLICATE_METHOD_MATCH = YES;
				CODE_SIGN_IDENTITY = "iPhone Developer";
				COPY_PHASE_STRIP = NO;
				DEBUG_INFORMATION_FORMAT = "dwarf-with-dsym";
				ENABLE_NS_ASSERTIONS = NO;
				ENABLE_STRICT_OBJC_MSGSEND = YES;
				GCC_C_LANGUAGE_STANDARD = gnu11;
				GCC_NO_COMMON_BLOCKS = YES;
				GCC_WARN_64_TO_32_BIT_CONVERSION = YES;
				GCC_WARN_ABOUT_RETURN_TYPE = YES_ERROR;
				GCC_WARN_UNDECLARED_SELECTOR = YES;
				GCC_WARN_UNINITIALIZED_AUTOS = YES_AGGRESSIVE;
				GCC_WARN_UNUSED_FUNCTION = YES;
				GCC_WARN_UNUSED_VARIABLE = YES;
				IPHONEOS_DEPLOYMENT_TARGET = 12.2;
				MTL_ENABLE_DEBUG_INFO = NO;
				MTL_FAST_MATH = YES;
				SDKROOT = iphoneos;
				VALIDATE_PRODUCT = YES;
			};
			name = Release;
		};
		3D09F2A223631C5E00D5540E /* Debug */ = {
			isa = XCBuildConfiguration;
			buildSettings = {
				ASSETCATALOG_COMPILER_APPICON_NAME = AppIcon;
				CODE_SIGN_STYLE = Automatic;
				DEVELOPMENT_TEAM = TNSMQM4897;
				INFOPLIST_FILE = "OpenGL-IOS/Info.plist";
				LD_RUNPATH_SEARCH_PATHS = (
					"$(inherited)",
					"@executable_path/Frameworks",
				);
				PRODUCT_BUNDLE_IDENTIFIER = "com.meitu.cwb.OpenGL-IOS";
				PRODUCT_NAME = "$(TARGET_NAME)";
				TARGETED_DEVICE_FAMILY = "1,2";
			};
			name = Debug;
		};
		3D09F2A323631C5E00D5540E /* Release */ = {
			isa = XCBuildConfiguration;
			buildSettings = {
				ASSETCATALOG_COMPILER_APPICON_NAME = AppIcon;
				CODE_SIGN_STYLE = Automatic;
				DEVELOPMENT_TEAM = TNSMQM4897;
				INFOPLIST_FILE = "OpenGL-IOS/Info.plist";
				LD_RUNPATH_SEARCH_PATHS = (
					"$(inherited)",
					"@executable_path/Frameworks",
				);
				PRODUCT_BUNDLE_IDENTIFIER = "com.meitu.cwb.OpenGL-IOS";
				PRODUCT_NAME = "$(TARGET_NAME)";
				TARGETED_DEVICE_FAMILY = "1,2";
			};
			name = Release;
		};
/* End XCBuildConfiguration section */

/* Begin XCConfigurationList section */
		3D09F28623631C5D00D5540E /* Build configuration list for PBXProject "OpenGL-IOS" */ = {
			isa = XCConfigurationList;
			buildConfigurations = (
				3D09F29F23631C5E00D5540E /* Debug */,
				3D09F2A023631C5E00D5540E /* Release */,
			);
			defaultConfigurationIsVisible = 0;
			defaultConfigurationName = Release;
		};
		3D09F2A123631C5E00D5540E /* Build configuration list for PBXNativeTarget "OpenGL-IOS" */ = {
			isa = XCConfigurationList;
			buildConfigurations = (
				3D09F2A223631C5E00D5540E /* Debug */,
				3D09F2A323631C5E00D5540E /* Release */,
			);
			defaultConfigurationIsVisible = 0;
			defaultConfigurationName = Release;
		};
/* End XCConfigurationList section */
	};
	rootObject = 3D09F28323631C5D00D5540E /* Project object */;
}
